github.com/antlr4-go/antlr/v4 v4.13.0 h1:lxCg3LAv+EUK6t1i0y1V6/SLeUi0eKEKdhQAlS8TVTI=
github.com/antlr4-go/antlr/v4 v4.13.0/go.mod h1:pfChB/xh/Unjila75QW7+VU4TSnWnnk9UTnmpPaOR2g=
github.com/go-audio/midi v1.0.0 h1:50zbE5RwJxfwYdOYMqIhdhcTnfqmGPuKm5j5g6ethik=
github.com/go-audio/midi v1.0.0/go.mod h1:PoFcd6KPFUn++NHd1libpb/WifNIb/qKVvZ71McMVmo=
github.com/mattetti/filebuffer v1.0.0 h1:ixTvQ0JjBTwWbdpDZ98lLrydo7KRi8xNRIi5RFszsbY=
github.com/mattetti/filebuffer v1.0.0/go.mod h1:X6nyAIge2JGVmuJt2MFCqmHrb/5IHiphfHtot0s5cnI=
golang.org/x/exp v0.0.0-20230515195305-f3d0a9c9a5cc h1:mCRnTeVUjcrhlRmO0VK8a6k6Rrf6TF9htwo2pJVSjIU=
golang.org/x/exp v0.0.0-20230515195305-f3d0a9c9a5cc/go.mod h1:V1LtkGg67GoY2N1AnLN78QLrzxkLyJw7RJb1gzOOz9w=
